
Microsoft Visual Studio Solution File, Format Version 12.00
# Visual Studio Version 17
VisualStudioVersion = 17.11.35208.52
MinimumVisualStudioVersion = 10.0.40219.1
Project("{FAE04EC0-301F-11D3-BF4B-00C04F79EFBC}") = "Calculadora", "Calculadora\Calculadora.csproj", "{AA68BFA2-82FC-45A9-A62A-66CA23A353B9}"
EndProject
Global
	GlobalSection(SolutionConfigurationPlatforms) = preSolution
		Debug|Any CPU = Debug|Any CPU
		Release|Any CPU = Release|Any CPU
	EndGlobalSection
	GlobalSection(ProjectConfigurationPlatforms) = postSolution
		{AA68BFA2-82FC-45A9-A62A-66CA23A353B9}.Debug|Any CPU.ActiveCfg = Debug|Any CPU
		{AA68BFA2-82FC-45A9-A62A-66CA23A353B9}.Debug|Any CPU.Build.0 = Debug|Any CPU
		{AA68BFA2-82FC-45A9-A62A-66CA23A353B9}.Release|Any CPU.ActiveCfg = Release|Any CPU
		{AA68BFA2-82FC-45A9-A62A-66CA23A353B9}.Release|Any CPU.Build.0 = Release|Any CPU
	EndGlobalSection
	GlobalSection(SolutionProperties) = preSolution
		HideSolutionNode = FALSE
	EndGlobalSection
	GlobalSection(ExtensibilityGlobals) = postSolution
		SolutionGuid = {7E42F63D-DA62-4544-A841-97368441ABE8}
	EndGlobalSection
EndGlobal
